
Microsoft Visual Studio Solution File, Format Version 12.00
# Visual Studio 15
VisualStudioVersion = 15.0.28307.106
MinimumVisualStudioVersion = 10.0.40219.1
Project("{FAE04EC0-301F-11D3-BF4B-00C04F79EFBC}") = "Web API", "Web API\Web API.csproj", "{A259070C-891D-4AA1-BDAA-897BADDAAD2A}"
EndProject
Project("{FAE04EC0-301F-11D3-BF4B-00C04F79EFBC}") = "KeyCoin", "KeyCoin\KeyCoin.csproj", "{54D008E0-EA0C-40FC-AE32-47D432297E16}"
EndProject
Global
	GlobalSection(SolutionConfigurationPlatforms) = preSolution
		Debug|Any CPU = Debug|Any CPU
		Release|Any CPU = Release|Any CPU
	EndGlobalSection
	GlobalSection(ProjectConfigurationPlatforms) = postSolution
		{A259070C-891D-4AA1-BDAA-897BADDAAD2A}.Debug|Any CPU.ActiveCfg = Debug|Any CPU
		{A259070C-891D-4AA1-BDAA-897BADDAAD2A}.Debug|Any CPU.Build.0 = Debug|Any CPU
		{A259070C-891D-4AA1-BDAA-897BADDAAD2A}.Release|Any CPU.ActiveCfg = Release|Any CPU
		{A259070C-891D-4AA1-BDAA-897BADDAAD2A}.Release|Any CPU.Build.0 = Release|Any CPU
		{54D008E0-EA0C-40FC-AE32-47D432297E16}.Debug|Any CPU.ActiveCfg = Debug|Any CPU
		{54D008E0-EA0C-40FC-AE32-47D432297E16}.Debug|Any CPU.Build.0 = Debug|Any CPU
		{54D008E0-EA0C-40FC-AE32-47D432297E16}.Release|Any CPU.ActiveCfg = Release|Any CPU
		{54D008E0-EA0C-40FC-AE32-47D432297E16}.Release|Any CPU.Build.0 = Release|Any CPU
	EndGlobalSection
	GlobalSection(SolutionProperties) = preSolution
		HideSolutionNode = FALSE
	EndGlobalSection
	GlobalSection(ExtensibilityGlobals) = postSolution
		SolutionGuid = {96E52050-5B27-497B-BA9A-B6C9116EE223}
	EndGlobalSection
EndGlobal
