
Microsoft Visual Studio Solution File, Format Version 12.00
# Visual Studio 15
VisualStudioVersion = 15.0.28010.2016
MinimumVisualStudioVersion = 10.0.40219.1
Project("{FAE04EC0-301F-11D3-BF4B-00C04F79EFBC}") = "SnakeCoin", "SnakeCoin\SnakeCoin.csproj", "{8C59A75A-C48D-4E2E-B215-8AB2D3762DF4}"
EndProject
Global
	GlobalSection(SolutionConfigurationPlatforms) = preSolution
		Debug|Any CPU = Debug|Any CPU
		Release|Any CPU = Release|Any CPU
	EndGlobalSection
	GlobalSection(ProjectConfigurationPlatforms) = postSolution
		{8C59A75A-C48D-4E2E-B215-8AB2D3762DF4}.Debug|Any CPU.ActiveCfg = Debug|Any CPU
		{8C59A75A-C48D-4E2E-B215-8AB2D3762DF4}.Debug|Any CPU.Build.0 = Debug|Any CPU
		{8C59A75A-C48D-4E2E-B215-8AB2D3762DF4}.Release|Any CPU.ActiveCfg = Release|Any CPU
		{8C59A75A-C48D-4E2E-B215-8AB2D3762DF4}.Release|Any CPU.Build.0 = Release|Any CPU
	EndGlobalSection
	GlobalSection(SolutionProperties) = preSolution
		HideSolutionNode = FALSE
	EndGlobalSection
	GlobalSection(ExtensibilityGlobals) = postSolution
		SolutionGuid = {AE6FE81A-0EED-4D79-BF21-3331E8FBD302}
	EndGlobalSection
EndGlobal
